
Microsoft Visual Studio Solution File, Format Version 12.00
# Visual Studio Version 16
VisualStudioVersion = 16.0.31313.79
MinimumVisualStudioVersion = 10.0.40219.1
Project("{FAE04EC0-301F-11D3-BF4B-00C04F79EFBC}") = "RPS_Winform", "RPS_Winform\RPS_Winform.csproj", "{3A5877E9-E4FB-428B-9416-42276422AA6A}"
EndProject
Global
	GlobalSection(SolutionConfigurationPlatforms) = preSolution
		Debug|Any CPU = Debug|Any CPU
		Release|Any CPU = Release|Any CPU
	EndGlobalSection
	GlobalSection(ProjectConfigurationPlatforms) = postSolution
		{3A5877E9-E4FB-428B-9416-42276422AA6A}.Debug|Any CPU.ActiveCfg = Debug|Any CPU
		{3A5877E9-E4FB-428B-9416-42276422AA6A}.Debug|Any CPU.Build.0 = Debug|Any CPU
		{3A5877E9-E4FB-428B-9416-42276422AA6A}.Release|Any CPU.ActiveCfg = Release|Any CPU
		{3A5877E9-E4FB-428B-9416-42276422AA6A}.Release|Any CPU.Build.0 = Release|Any CPU
	EndGlobalSection
	GlobalSection(SolutionProperties) = preSolution
		HideSolutionNode = FALSE
	EndGlobalSection
	GlobalSection(ExtensibilityGlobals) = postSolution
		SolutionGuid = {09325E23-4F34-487A-843A-E56CA803E68F}
	EndGlobalSection
EndGlobal
